
Microsoft Visual Studio Solution File, Format Version 12.00
# Visual Studio Version 17
VisualStudioVersion = 17.14.37111.16 d17.14
MinimumVisualStudioVersion = 10.0.40219.1
Project("{FAE04EC0-301F-11D3-BF4B-00C04F79EFBC}") = "aitr-connect", "aitr-connect\aitr-connect.csproj", "{D7E36E10-CF73-4ADE-95E5-BD4C543DBED2}"
EndProject
Global
	GlobalSection(SolutionConfigurationPlatforms) = preSolution
		Debug|Any CPU = Debug|Any CPU
		Release|Any CPU = Release|Any CPU
	EndGlobalSection
	GlobalSection(ProjectConfigurationPlatforms) = postSolution
		{D7E36E10-CF73-4ADE-95E5-BD4C543DBED2}.Debug|Any CPU.ActiveCfg = Debug|Any CPU
		{D7E36E10-CF73-4ADE-95E5-BD4C543DBED2}.Debug|Any CPU.Build.0 = Debug|Any CPU
		{D7E36E10-CF73-4ADE-95E5-BD4C543DBED2}.Release|Any CPU.ActiveCfg = Release|Any CPU
		{D7E36E10-CF73-4ADE-95E5-BD4C543DBED2}.Release|Any CPU.Build.0 = Release|Any CPU
	EndGlobalSection
	GlobalSection(SolutionProperties) = preSolution
		HideSolutionNode = FALSE
	EndGlobalSection
	GlobalSection(ExtensibilityGlobals) = postSolution
		SolutionGuid = {7A6DC38E-0D2D-489D-AE70-7B4CB6277D56}
	EndGlobalSection
EndGlobal
